
Microsoft Visual Studio Solution File, Format Version 12.00
# Visual Studio Version 17
VisualStudioVersion = 17.8.34322.80
MinimumVisualStudioVersion = 10.0.40219.1
Project("{FAE04EC0-301F-11D3-BF4B-00C04F79EFBC}") = "szamolas", "szamolas.csproj", "{8B0250AB-A889-4FDD-A267-5C4AAD6ED484}"
EndProject
Global
	GlobalSection(SolutionConfigurationPlatforms) = preSolution
		Debug|Any CPU = Debug|Any CPU
		Release|Any CPU = Release|Any CPU
	EndGlobalSection
	GlobalSection(ProjectConfigurationPlatforms) = postSolution
		{8B0250AB-A889-4FDD-A267-5C4AAD6ED484}.Debug|Any CPU.ActiveCfg = Debug|Any CPU
		{8B0250AB-A889-4FDD-A267-5C4AAD6ED484}.Debug|Any CPU.Build.0 = Debug|Any CPU
		{8B0250AB-A889-4FDD-A267-5C4AAD6ED484}.Release|Any CPU.ActiveCfg = Release|Any CPU
		{8B0250AB-A889-4FDD-A267-5C4AAD6ED484}.Release|Any CPU.Build.0 = Release|Any CPU
	EndGlobalSection
	GlobalSection(SolutionProperties) = preSolution
		HideSolutionNode = FALSE
	EndGlobalSection
	GlobalSection(ExtensibilityGlobals) = postSolution
		SolutionGuid = {462E6DBF-0EA3-477A-9A88-394E5AA9FF05}
	EndGlobalSection
EndGlobal
