
Microsoft Visual Studio Solution File, Format Version 12.00
# Visual Studio Version 17
VisualStudioVersion = 17.6.33829.357
MinimumVisualStudioVersion = 10.0.40219.1
Project("{FAE04EC0-301F-11D3-BF4B-00C04F79EFBC}") = "Ugyfelek", "Ugyfelek\Ugyfelek.csproj", "{505A2E66-E57D-420D-BD36-2E1AB98A9466}"
EndProject
Global
	GlobalSection(SolutionConfigurationPlatforms) = preSolution
		Debug|Any CPU = Debug|Any CPU
		Release|Any CPU = Release|Any CPU
	EndGlobalSection
	GlobalSection(ProjectConfigurationPlatforms) = postSolution
		{505A2E66-E57D-420D-BD36-2E1AB98A9466}.Debug|Any CPU.ActiveCfg = Debug|Any CPU
		{505A2E66-E57D-420D-BD36-2E1AB98A9466}.Debug|Any CPU.Build.0 = Debug|Any CPU
		{505A2E66-E57D-420D-BD36-2E1AB98A9466}.Release|Any CPU.ActiveCfg = Release|Any CPU
		{505A2E66-E57D-420D-BD36-2E1AB98A9466}.Release|Any CPU.Build.0 = Release|Any CPU
	EndGlobalSection
	GlobalSection(SolutionProperties) = preSolution
		HideSolutionNode = FALSE
	EndGlobalSection
	GlobalSection(ExtensibilityGlobals) = postSolution
		SolutionGuid = {C301BF29-7DF4-4A5E-A132-F21087492E93}
	EndGlobalSection
EndGlobal
